// !$*UTF8*$!
{
	archiveVersion = 1;
	classes = {
	};
	objectVersion = 50;
	objects = {

/* Begin PBXBuildFile section */
		F0ADCE4622C8DDD3000FAE22 /* AppDelegate.swift in Sources */ = {isa = PBXBuildFile; fileRef = F0ADCE4522C8DDD3000FAE22 /* AppDelegate.swift */; };
		F0ADCE4822C8DDD3000FAE22 /* ViewController.swift in Sources */ = {isa = PBXBuildFile; fileRef = F0ADCE4722C8DDD3000FAE22 /* ViewController.swift */; };
		F0ADCE4B22C8DDD3000FAE22 /* Main.storyboard in Resources */ = {isa = PBXBuildFile; fileRef = F0ADCE4922C8DDD3000FAE22 /* Main.storyboard */; };
		F0ADCE4D22C8DDD7000FAE22 /* Assets.xcassets in Resources */ = {isa = PBXBuildFile; fileRef = F0ADCE4C22C8DDD7000FAE22 /* Assets.xcassets */; };
		F0ADCE5022C8DDD7000FAE22 /* LaunchScreen.storyboard in Resources */ = {isa = PBXBuildFile; fileRef = F0ADCE4E22C8DDD7000FAE22 /* LaunchScreen.storyboard */; };
		F0ADCE5B22C8DDD8000FAE22 /* SingaporeXchangeTests.swift in Sources */ = {isa = PBXBuildFile; fileRef = F0ADCE5A22C8DDD8000FAE22 /* SingaporeXchangeTests.swift */; };
		F0ADCE6622C8DDD8000FAE22 /* SingaporeXchangeUITests.swift in Sources */ = {isa = PBXBuildFile; fileRef = F0ADCE6522C8DDD8000FAE22 /* SingaporeXchangeUITests.swift */; };
/* End PBXBuildFile section */

/* Begin PBXContainerItemProxy section */
		F0ADCE5722C8DDD8000FAE22 /* PBXContainerItemProxy */ = {
			isa = PBXContainerItemProxy;
			containerPortal = F0ADCE3A22C8DDD3000FAE22 /* Project object */;
			proxyType = 1;
			remoteGlobalIDString = F0ADCE4122C8DDD3000FAE22;
			remoteInfo = SingaporeXchange;
		};
		F0ADCE6222C8DDD8000FAE22 /* PBXContainerItemProxy */ = {
			isa = PBXContainerItemProxy;
			containerPortal = F0ADCE3A22C8DDD3000FAE22 /* Project object */;
			proxyType = 1;
			remoteGlobalIDString = F0ADCE4122C8DDD3000FAE22;
			remoteInfo = SingaporeXchange;
		};
/* End PBXContainerItemProxy section */

/* Begin PBXFileReference section */
		F0ADCE4222C8DDD3000FAE22 /* SingaporeXchange.app */ = {isa = PBXFileReference; explicitFileType = wrapper.application; includeInIndex = 0; path = SingaporeXchange.app; sourceTree = BUILT_PRODUCTS_DIR; };
		F0ADCE4522C8DDD3000FAE22 /* AppDelegate.swift */ = {isa = PBXFileReference; lastKnownFileType = sourcecode.swift; path = AppDelegate.swift; sourceTree = "<group>"; };
		F0ADCE4722C8DDD3000FAE22 /* ViewController.swift */ = {isa = PBXFileReference; lastKnownFileType = sourcecode.swift; path = ViewController.swift; sourceTree = "<group>"; };
		F0ADCE4A22C8DDD3000FAE22 /* Base */ = {isa = PBXFileReference; lastKnownFileType = file.storyboard; name = Base; path = Base.lproj/Main.storyboard; sourceTree = "<group>"; };
		F0ADCE4C22C8DDD7000FAE22 /* Assets.xcassets */ = {isa = PBXFileReference; lastKnownFileType = folder.assetcatalog; path = Assets.xcassets; sourceTree = "<group>"; };
		F0ADCE4F22C8DDD7000FAE22 /* Base */ = {isa = PBXFileReference; lastKnownFileType = file.storyboard; name = Base; path = Base.lproj/LaunchScreen.storyboard; sourceTree = "<group>"; };
		F0ADCE5122C8DDD7000FAE22 /* Info.plist */ = {isa = PBXFileReference; lastKnownFileType = text.plist.xml; path = Info.plist; sourceTree = "<group>"; };
		F0ADCE5622C8DDD8000FAE22 /* SingaporeXchangeTests.xctest */ = {isa = PBXFileReference; explicitFileType = wrapper.cfbundle; includeInIndex = 0; path = SingaporeXchangeTests.xctest; sourceTree = BUILT_PRODUCTS_DIR; };
		F0ADCE5A22C8DDD8000FAE22 /* SingaporeXchangeTests.swift */ = {isa = PBXFileReference; lastKnownFileType = sourcecode.swift; path = SingaporeXchangeTests.swift; sourceTree = "<group>"; };
		F0ADCE5C22C8DDD8000FAE22 /* Info.plist */ = {isa = PBXFileReference; lastKnownFileType = text.plist.xml; path = Info.plist; sourceTree = "<group>"; };
		F0ADCE6122C8DDD8000FAE22 /* SingaporeXchangeUITests.xctest */ = {isa = PBXFileReference; explicitFileType = wrapper.cfbundle; includeInIndex = 0; path = SingaporeXchangeUITests.xctest; sourceTree = BUILT_PRODUCTS_DIR; };
		F0ADCE6522C8DDD8000FAE22 /* SingaporeXchangeUITests.swift */ = {isa = PBXFileReference; lastKnownFileType = sourcecode.swift; path = SingaporeXchangeUITests.swift; sourceTree = "<group>"; };
		F0ADCE6722C8DDD8000FAE22 /* Info.plist */ = {isa = PBXFileReference; lastKnownFileType = text.plist.xml; path = Info.plist; sourceTree = "<group>"; };
/* End PBXFileReference section */

/* Begin PBXFrameworksBuildPhase section */
		F0ADCE3F22C8DDD3000FAE22 /* Frameworks */ = {
			isa = PBXFrameworksBuildPhase;
			buildActionMask = 2147483647;
			files = (
			);
			runOnlyForDeploymentPostprocessing = 0;
		};
		F0ADCE5322C8DDD8000FAE22 /* Frameworks */ = {
			isa = PBXFrameworksBuildPhase;
			buildActionMask = 2147483647;
			files = (
			);
			runOnlyForDeploymentPostprocessing = 0;
		};
		F0ADCE5E22C8DDD8000FAE22 /* Frameworks */ = {
			isa = PBXFrameworksBuildPhase;
			buildActionMask = 2147483647;
			files = (
			);
			runOnlyForDeploymentPostprocessing = 0;
		};
/* End PBXFrameworksBuildPhase section */

/* Begin PBXGroup section */
		F0ADCE3922C8DDD3000FAE22 = {
			isa = PBXGroup;
			children = (
				F0ADCE4422C8DDD3000FAE22 /* SingaporeXchange */,
				F0ADCE5922C8DDD8000FAE22 /* SingaporeXchangeTests */,
				F0ADCE6422C8DDD8000FAE22 /* SingaporeXchangeUITests */,
				F0ADCE4322C8DDD3000FAE22 /* Products */,
			);
			sourceTree = "<group>";
		};
		F0ADCE4322C8DDD3000FAE22 /* Products */ = {
			isa = PBXGroup;
			children = (
				F0ADCE4222C8DDD3000FAE22 /* SingaporeXchange.app */,
				F0ADCE5622C8DDD8000FAE22 /* SingaporeXchangeTests.xctest */,
				F0ADCE6122C8DDD8000FAE22 /* SingaporeXchangeUITests.xctest */,
			);
			name = Products;
			sourceTree = "<group>";
		};
		F0ADCE4422C8DDD3000FAE22 /* SingaporeXchange */ = {
			isa = PBXGroup;
			children = (
				F0ADCE4522C8DDD3000FAE22 /* AppDelegate.swift */,
				F0ADCE4722C8DDD3000FAE22 /* ViewController.swift */,
				F0ADCE4922C8DDD3000FAE22 /* Main.storyboard */,
				F0ADCE4C22C8DDD7000FAE22 /* Assets.xcassets */,
				F0ADCE4E22C8DDD7000FAE22 /* LaunchScreen.storyboard */,
				F0ADCE5122C8DDD7000FAE22 /* Info.plist */,
			);
			path = SingaporeXchange;
			sourceTree = "<group>";
		};
		F0ADCE5922C8DDD8000FAE22 /* SingaporeXchangeTests */ = {
			isa = PBXGroup;
			children = (
				F0ADCE5A22C8DDD8000FAE22 /* SingaporeXchangeTests.swift */,
				F0ADCE5C22C8DDD8000FAE22 /* Info.plist */,
			);
			path = SingaporeXchangeTests;
			sourceTree = "<group>";
		};
		F0ADCE6422C8DDD8000FAE22 /* SingaporeXchangeUITests */ = {
			isa = PBXGroup;
			children = (
				F0ADCE6522C8DDD8000FAE22 /* SingaporeXchangeUITests.swift */,
				F0ADCE6722C8DDD8000FAE22 /* Info.plist */,
			);
			path = SingaporeXchangeUITests;
			sourceTree = "<group>";
		};
/* End PBXGroup section */

/* Begin PBXNativeTarget section */
		F0ADCE4122C8DDD3000FAE22 /* SingaporeXchange */ = {
			isa = PBXNativeTarget;
			buildConfigurationList = F0ADCE6A22C8DDD8000FAE22 /* Build configuration list for PBXNativeTarget "SingaporeXchange" */;
			buildPhases = (
				F0ADCE3E22C8DDD3000FAE22 /* Sources */,
				F0ADCE3F22C8DDD3000FAE22 /* Frameworks */,
				F0ADCE4022C8DDD3000FAE22 /* Resources */,
			);
			buildRules = (
			);
			dependencies = (
			);
			name = SingaporeXchange;
			productName = SingaporeXchange;
			productReference = F0ADCE4222C8DDD3000FAE22 /* SingaporeXchange.app */;
			productType = "com.apple.product-type.application";
		};
		F0ADCE5522C8DDD8000FAE22 /* SingaporeXchangeTests */ = {
			isa = PBXNativeTarget;
			buildConfigurationList = F0ADCE6D22C8DDD8000FAE22 /* Build configuration list for PBXNativeTarget "SingaporeXchangeTests" */;
			buildPhases = (
				F0ADCE5222C8DDD8000FAE22 /* Sources */,
				F0ADCE5322C8DDD8000FAE22 /* Frameworks */,
				F0ADCE5422C8DDD8000FAE22 /* Resources */,
			);
			buildRules = (
			);
			dependencies = (
				F0ADCE5822C8DDD8000FAE22 /* PBXTargetDependency */,
			);
			name = SingaporeXchangeTests;
			productName = SingaporeXchangeTests;
			productReference = F0ADCE5622C8DDD8000FAE22 /* SingaporeXchangeTests.xctest */;
			productType = "com.apple.product-type.bundle.unit-test";
		};
		F0ADCE6022C8DDD8000FAE22 /* SingaporeXchangeUITests */ = {
			isa = PBXNativeTarget;
			buildConfigurationList = F0ADCE7022C8DDD8000FAE22 /* Build configuration list for PBXNativeTarget "SingaporeXchangeUITests" */;
			buildPhases = (
				F0ADCE5D22C8DDD8000FAE22 /* Sources */,
				F0ADCE5E22C8DDD8000FAE22 /* Frameworks */,
				F0ADCE5F22C8DDD8000FAE22 /* Resources */,
			);
			buildRules = (
			);
			dependencies = (
				F0ADCE6322C8DDD8000FAE22 /* PBXTargetDependency */,
			);
			name = SingaporeXchangeUITests;
			productName = SingaporeXchangeUITests;
			productReference = F0ADCE6122C8DDD8000FAE22 /* SingaporeXchangeUITests.xctest */;
			productType = "com.apple.product-type.bundle.ui-testing";
		};
/* End PBXNativeTarget section */

/* Begin PBXProject section */
		F0ADCE3A22C8DDD3000FAE22 /* Project object */ = {
			isa = PBXProject;
			attributes = {
				LastSwiftUpdateCheck = 1010;
				LastUpgradeCheck = 1010;
				ORGANIZATIONNAME = "Ashish Jacob";
				TargetAttributes = {
					F0ADCE4122C8DDD3000FAE22 = {
						CreatedOnToolsVersion = 10.1;
					};
					F0ADCE5522C8DDD8000FAE22 = {
						CreatedOnToolsVersion = 10.1;
						TestTargetID = F0ADCE4122C8DDD3000FAE22;
					};
					F0ADCE6022C8DDD8000FAE22 = {
						CreatedOnToolsVersion = 10.1;
						TestTargetID = F0ADCE4122C8DDD3000FAE22;
					};
				};
			};
			buildConfigurationList = F0ADCE3D22C8DDD3000FAE22 /* Build configuration list for PBXProject "SingaporeXchange" */;
			compatibilityVersion = "Xcode 9.3";
			developmentRegion = en;
			hasScannedForEncodings = 0;
			knownRegions = (
				en,
				Base,
			);
			mainGroup = F0ADCE3922C8DDD3000FAE22;
			productRefGroup = F0ADCE4322C8DDD3000FAE22 /* Products */;
			projectDirPath = "";
			projectRoot = "";
			targets = (
				F0ADCE4122C8DDD3000FAE22 /* SingaporeXchange */,
				F0ADCE5522C8DDD8000FAE22 /* SingaporeXchangeTests */,
				F0ADCE6022C8DDD8000FAE22 /* SingaporeXchangeUITests */,
			);
		};
/* End PBXProject section */

/* Begin PBXResourcesBuildPhase section */
		F0ADCE4022C8DDD3000FAE22 /* Resources */ = {
			isa = PBXResourcesBuildPhase;
			buildActionMask = 2147483647;
			files = (
				F0ADCE5022C8DDD7000FAE22 /* LaunchScreen.storyboard in Resources */,
				F0ADCE4D22C8DDD7000FAE22 /* Assets.xcassets in Resources */,
				F0ADCE4B22C8DDD3000FAE22 /* Main.storyboard in Resources */,
			);
			runOnlyForDeploymentPostprocessing = 0;
		};
		F0ADCE5422C8DDD8000FAE22 /* Resources */ = {
			isa = PBXResourcesBuildPhase;
			buildActionMask = 2147483647;
			files = (
			);
			runOnlyForDeploymentPostprocessing = 0;
		};
		F0ADCE5F22C8DDD8000FAE22 /* Resources */ = {
			isa = PBXResourcesBuildPhase;
			buildActionMask = 2147483647;
			files = (
			);
			runOnlyForDeploymentPostprocessing = 0;
		};
/* End PBXResourcesBuildPhase section */

/* Begin PBXSourcesBuildPhase section */
		F0ADCE3E22C8DDD3000FAE22 /* Sources */ = {
			isa = PBXSourcesBuildPhase;
			buildActionMask = 2147483647;
			files = (
				F0ADCE4822C8DDD3000FAE22 /* ViewController.swift in Sources */,
				F0ADCE4622C8DDD3000FAE22 /* AppDelegate.swift in Sources */,
			);
			runOnlyForDeploymentPostprocessing = 0;
		};
		F0ADCE5222C8DDD8000FAE22 /* Sources */ = {
			isa = PBXSourcesBuildPhase;
			buildActionMask = 2147483647;
			files = (
				F0ADCE5B22C8DDD8000FAE22 /* SingaporeXchangeTests.swift in Sources */,
			);
			runOnlyForDeploymentPostprocessing = 0;
		};
		F0ADCE5D22C8DDD8000FAE22 /* Sources */ = {
			isa = PBXSourcesBuildPhase;
			buildActionMask = 2147483647;
			files = (
				F0ADCE6622C8DDD8000FAE22 /* SingaporeXchangeUITests.swift in Sources */,
			);
			runOnlyForDeploymentPostprocessing = 0;
		};
/* End PBXSourcesBuildPhase section */

/* Begin PBXTargetDependency section */
		F0ADCE5822C8DDD8000FAE22 /* PBXTargetDependency */ = {
			isa = PBXTargetDependency;
			target = F0ADCE4122C8DDD3000FAE22 /* SingaporeXchange */;
			targetProxy = F0ADCE5722C8DDD8000FAE22 /* PBXContainerItemProxy */;
		};
		F0ADCE6322C8DDD8000FAE22 /* PBXTargetDependency */ = {
			isa = PBXTargetDependency;
			target = F0ADCE4122C8DDD3000FAE22 /* SingaporeXchange */;
			targetProxy = F0ADCE6222C8DDD8000FAE22 /* PBXContainerItemProxy */;
		};
/* End PBXTargetDependency section */

/* Begin PBXVariantGroup section */
		F0ADCE4922C8DDD3000FAE22 /* Main.storyboard */ = {
			isa = PBXVariantGroup;
			children = (
				F0ADCE4A22C8DDD3000FAE22 /* Base */,
			);
			name = Main.storyboard;
			sourceTree = "<group>";
		};
		F0ADCE4E22C8DDD7000FAE22 /* LaunchScreen.storyboard */ = {
			isa = PBXVariantGroup;
			children = (
				F0ADCE4F22C8DDD7000FAE22 /* Base */,
			);
			name = LaunchScreen.storyboard;
			sourceTree = "<group>";
		};
/* End PBXVariantGroup section */

/* Begin XCBuildConfiguration section */
		F0ADCE6822C8DDD8000FAE22 /* Debug */ = {
			isa = XCBuildConfiguration;
			buildSettings = {
				ALWAYS_SEARCH_USER_PATHS = NO;
				CLANG_ANALYZER_NONNULL = YES;
				CLANG_ANALYZER_NUMBER_OBJECT_CONVERSION = YES_AGGRESSIVE;
				CLANG_CXX_LANGUAGE_STANDARD = "gnu++14";
				CLANG_CXX_LIBRARY = "libc++";
				CLANG_ENABLE_MODULES = YES;
				CLANG_ENABLE_OBJC_ARC = YES;
				CLANG_ENABLE_OBJC_WEAK = YES;
				CLANG_WARN_BLOCK_CAPTURE_AUTORELEASING = YES;
				CLANG_WARN_BOOL_CONVERSION = YES;
				CLANG_WARN_COMMA = YES;
				CLANG_WARN_CONSTANT_CONVERSION = YES;
				CLANG_WARN_DEPRECATED_OBJC_IMPLEMENTATIONS = YES;
				CLANG_WARN_DIRECT_OBJC_ISA_USAGE = YES_ERROR;
				CLANG_WARN_DOCUMENTATION_COMMENTS = YES;
				CLANG_WARN_EMPTY_BODY = YES;
				CLANG_WARN_ENUM_CONVERSION = YES;
				CLANG_WARN_INFINITE_RECURSION = YES;
				CLANG_WARN_INT_CONVERSION = YES;
				CLANG_WARN_NON_LITERAL_NULL_CONVERSION = YES;
				CLANG_WARN_OBJC_IMPLICIT_RETAIN_SELF = YES;
				CLANG_WARN_OBJC_LITERAL_CONVERSION = YES;
				CLANG_WARN_OBJC_ROOT_CLASS = YES_ERROR;
				CLANG_WARN_RANGE_LOOP_ANALYSIS = YES;
				CLANG_WARN_STRICT_PROTOTYPES = YES;
				CLANG_WARN_SUSPICIOUS_MOVE = YES;
				CLANG_WARN_UNGUARDED_AVAILABILITY = YES_AGGRESSIVE;
				CLANG_WARN_UNREACHABLE_CODE = YES;
				CLANG_WARN__DUPLICATE_METHOD_MATCH = YES;
				CODE_SIGN_IDENTITY = "iPhone Developer";
				COPY_PHASE_STRIP = NO;
				DEBUG_INFORMATION_FORMAT = dwarf;
				ENABLE_STRICT_OBJC_MSGSEND = YES;
				ENABLE_TESTABILITY = YES;
				GCC_C_LANGUAGE_STANDARD = gnu11;
				GCC_DYNAMIC_NO_PIC = NO;
				GCC_NO_COMMON_BLOCKS = YES;
				GCC_OPTIMIZATION_LEVEL = 0;
				GCC_PREPROCESSOR_DEFINITIONS = (
					"DEBUG=1",
					"$(inherited)",
				);
				GCC_WARN_64_TO_32_BIT_CONVERSION = YES;
				GCC_WARN_ABOUT_RETURN_TYPE = YES_ERROR;
				GCC_WARN_UNDECLARED_SELECTOR = YES;
				GCC_WARN_UNINITIALIZED_AUTOS = YES_AGGRESSIVE;
				GCC_WARN_UNUSED_FUNCTION = YES;
				GCC_WARN_UNUSED_VARIABLE = YES;
				IPHONEOS_DEPLOYMENT_TARGET = 12.1;
				MTL_ENABLE_DEBUG_INFO = INCLUDE_SOURCE;
				MTL_FAST_MATH = YES;
				ONLY_ACTIVE_ARCH = YES;
				SDKROOT = iphoneos;
				SWIFT_ACTIVE_COMPILATION_CONDITIONS = DEBUG;
				SWIFT_OPTIMIZATION_LEVEL = "-Onone";
			};
			name = Debug;
		};
		F0ADCE6922C8DDD8000FAE22 /* Release */ = {
			isa = XCBuildConfiguration;
			buildSettings = {
				ALWAYS_SEARCH_USER_PATHS = NO;
				CLANG_ANALYZER_NONNULL = YES;
				CLANG_ANALYZER_NUMBER_OBJECT_CONVERSION = YES_AGGRESSIVE;
				CLANG_CXX_LANGUAGE_STANDARD = "gnu++14";
				CLANG_CXX_LIBRARY = "libc++";
				CLANG_ENABLE_MODULES = YES;
				CLANG_ENABLE_OBJC_ARC = YES;
				CLANG_ENABLE_OBJC_WEAK = YES;
				CLANG_WARN_BLOCK_CAPTURE_AUTORELEASING = YES;
				CLANG_WARN_BOOL_CONVERSION = YES;
				CLANG_WARN_COMMA = YES;
				CLANG_WARN_CONSTANT_CONVERSION = YES;
				CLANG_WARN_DEPRECATED_OBJC_IMPLEMENTATIONS = YES;
				CLANG_WARN_DIRECT_OBJC_ISA_USAGE = YES_ERROR;
				CLANG_WARN_DOCUMENTATION_COMMENTS = YES;
				CLANG_WARN_EMPTY_BODY = YES;
				CLANG_WARN_ENUM_CONVERSION = YES;
				CLANG_WARN_INFINITE_RECURSION = YES;
				CLANG_WARN_INT_CONVERSION = YES;
				CLANG_WARN_NON_LITERAL_NULL_CONVERSION = YES;
				CLANG_WARN_OBJC_IMPLICIT_RETAIN_SELF = YES;
				CLANG_WARN_OBJC_LITERAL_CONVERSION = YES;
				CLANG_WARN_OBJC_ROOT_CLASS = YES_ERROR;
				CLANG_WARN_RANGE_LOOP_ANALYSIS = YES;
				CLANG_WARN_STRICT_PROTOTYPES = YES;
				CLANG_WARN_SUSPICIOUS_MOVE = YES;
				CLANG_WARN_UNGUARDED_AVAILABILITY = YES_AGGRESSIVE;
				CLANG_WARN_UNREACHABLE_CODE = YES;
				CLANG_WARN__DUPLICATE_METHOD_MATCH = YES;
				CODE_SIGN_IDENTITY = "iPhone Developer";
				COPY_PHASE_STRIP = NO;
				DEBUG_INFORMATION_FORMAT = "dwarf-with-dsym";
				ENABLE_NS_ASSERTIONS = NO;
				ENABLE_STRICT_OBJC_MSGSEND = YES;
				GCC_C_LANGUAGE_STANDARD = gnu11;
				GCC_NO_COMMON_BLOCKS = YES;
				GCC_WARN_64_TO_32_BIT_CONVERSION = YES;
				GCC_WARN_ABOUT_RETURN_TYPE = YES_ERROR;
				GCC_WARN_UNDECLARED_SELECTOR = YES;
				GCC_WARN_UNINITIALIZED_AUTOS = YES_AGGRESSIVE;
				GCC_WARN_UNUSED_FUNCTION = YES;
				GCC_WARN_UNUSED_VARIABLE = YES;
				IPHONEOS_DEPLOYMENT_TARGET = 12.1;
				MTL_ENABLE_DEBUG_INFO = NO;
				MTL_FAST_MATH = YES;
				SDKROOT = iphoneos;
				SWIFT_COMPILATION_MODE = wholemodule;
				SWIFT_OPTIMIZATION_LEVEL = "-O";
				VALIDATE_PRODUCT = YES;
			};
			name = Release;
		};
		F0ADCE6B22C8DDD8000FAE22 /* Debug */ = {
			isa = XCBuildConfiguration;
			buildSettings = {
				ASSETCATALOG_COMPILER_APPICON_NAME = AppIcon;
				CODE_SIGN_STYLE = Automatic;
				INFOPLIST_FILE = SingaporeXchange/Info.plist;
				LD_RUNPATH_SEARCH_PATHS = (
					"$(inherited)",
					"@executable_path/Frameworks",
				);
				PRODUCT_BUNDLE_IDENTIFIER = com.ashishjacob.SingaporeXchange;
				PRODUCT_NAME = "$(TARGET_NAME)";
				SWIFT_VERSION = 4.2;
				TARGETED_DEVICE_FAMILY = "1,2";
			};
			name = Debug;
		};
		F0ADCE6C22C8DDD8000FAE22 /* Release */ = {
			isa = XCBuildConfiguration;
			buildSettings = {
				ASSETCATALOG_COMPILER_APPICON_NAME = AppIcon;
				CODE_SIGN_STYLE = Automatic;
				INFOPLIST_FILE = SingaporeXchange/Info.plist;
				LD_RUNPATH_SEARCH_PATHS = (
					"$(inherited)",
					"@executable_path/Frameworks",
				);
				PRODUCT_BUNDLE_IDENTIFIER = com.ashishjacob.SingaporeXchange;
				PRODUCT_NAME = "$(TARGET_NAME)";
				SWIFT_VERSION = 4.2;
				TARGETED_DEVICE_FAMILY = "1,2";
			};
			name = Release;
		};
		F0ADCE6E22C8DDD8000FAE22 /* Debug */ = {
			isa = XCBuildConfiguration;
			buildSettings = {
				ALWAYS_EMBED_SWIFT_STANDARD_LIBRARIES = YES;
				BUNDLE_LOADER = "$(TEST_HOST)";
				CODE_SIGN_STYLE = Automatic;
				INFOPLIST_FILE = SingaporeXchangeTests/Info.plist;
				LD_RUNPATH_SEARCH_PATHS = (
					"$(inherited)",
					"@executable_path/Frameworks",
					"@loader_path/Frameworks",
				);
				PRODUCT_BUNDLE_IDENTIFIER = com.ashishjacob.SingaporeXchangeTests;
				PRODUCT_NAME = "$(TARGET_NAME)";
				SWIFT_VERSION = 4.2;
				TARGETED_DEVICE_FAMILY = "1,2";
				TEST_HOST = "$(BUILT_PRODUCTS_DIR)/SingaporeXchange.app/SingaporeXchange";
			};
			name = Debug;
		};
		F0ADCE6F22C8DDD8000FAE22 /* Release */ = {
			isa = XCBuildConfiguration;
			buildSettings = {
				ALWAYS_EMBED_SWIFT_STANDARD_LIBRARIES = YES;
				BUNDLE_LOADER = "$(TEST_HOST)";
				CODE_SIGN_STYLE = Automatic;
				INFOPLIST_FILE = SingaporeXchangeTests/Info.plist;
				LD_RUNPATH_SEARCH_PATHS = (
					"$(inherited)",
					"@executable_path/Frameworks",
					"@loader_path/Frameworks",
				);
				PRODUCT_BUNDLE_IDENTIFIER = com.ashishjacob.SingaporeXchangeTests;
				PRODUCT_NAME = "$(TARGET_NAME)";
				SWIFT_VERSION = 4.2;
				TARGETED_DEVICE_FAMILY = "1,2";
				TEST_HOST = "$(BUILT_PRODUCTS_DIR)/SingaporeXchange.app/SingaporeXchange";
			};
			name = Release;
		};
		F0ADCE7122C8DDD8000FAE22 /* Debug */ = {
			isa = XCBuildConfiguration;
			buildSettings = {
				ALWAYS_EMBED_SWIFT_STANDARD_LIBRARIES = YES;
				CODE_SIGN_STYLE = Automatic;
				INFOPLIST_FILE = SingaporeXchangeUITests/Info.plist;
				LD_RUNPATH_SEARCH_PATHS = (
					"$(inherited)",
					"@executable_path/Frameworks",
					"@loader_path/Frameworks",
				);
				PRODUCT_BUNDLE_IDENTIFIER = com.ashishjacob.SingaporeXchangeUITests;
				PRODUCT_NAME = "$(TARGET_NAME)";
				SWIFT_VERSION = 4.2;
				TARGETED_DEVICE_FAMILY = "1,2";
				TEST_TARGET_NAME = SingaporeXchange;
			};
			name = Debug;
		};
		F0ADCE7222C8DDD8000FAE22 /* Release */ = {
			isa = XCBuildConfiguration;
			buildSettings = {
				ALWAYS_EMBED_SWIFT_STANDARD_LIBRARIES = YES;
				CODE_SIGN_STYLE = Automatic;
				INFOPLIST_FILE = SingaporeXchangeUITests/Info.plist;
				LD_RUNPATH_SEARCH_PATHS = (
					"$(inherited)",
					"@executable_path/Frameworks",
					"@loader_path/Frameworks",
				);
				PRODUCT_BUNDLE_IDENTIFIER = com.ashishjacob.SingaporeXchangeUITests;
				PRODUCT_NAME = "$(TARGET_NAME)";
				SWIFT_VERSION = 4.2;
				TARGETED_DEVICE_FAMILY = "1,2";
				TEST_TARGET_NAME = SingaporeXchange;
			};
			name = Release;
		};
/* End XCBuildConfiguration section */

/* Begin XCConfigurationList section */
		F0ADCE3D22C8DDD3000FAE22 /* Build configuration list for PBXProject "SingaporeXchange" */ = {
			isa = XCConfigurationList;
			buildConfigurations = (
				F0ADCE6822C8DDD8000FAE22 /* Debug */,
				F0ADCE6922C8DDD8000FAE22 /* Release */,
			);
			defaultConfigurationIsVisible = 0;
			defaultConfigurationName = Release;
		};
		F0ADCE6A22C8DDD8000FAE22 /* Build configuration list for PBXNativeTarget "SingaporeXchange" */ = {
			isa = XCConfigurationList;
			buildConfigurations = (
				F0ADCE6B22C8DDD8000FAE22 /* Debug */,
				F0ADCE6C22C8DDD8000FAE22 /* Release */,
			);
			defaultConfigurationIsVisible = 0;
			defaultConfigurationName = Release;
		};
		F0ADCE6D22C8DDD8000FAE22 /* Build configuration list for PBXNativeTarget "SingaporeXchangeTests" */ = {
			isa = XCConfigurationList;
			buildConfigurations = (
				F0ADCE6E22C8DDD8000FAE22 /* Debug */,
				F0ADCE6F22C8DDD8000FAE22 /* Release */,
			);
			defaultConfigurationIsVisible = 0;
			defaultConfigurationName = Release;
		};
		F0ADCE7022C8DDD8000FAE22 /* Build configuration list for PBXNativeTarget "SingaporeXchangeUITests" */ = {
			isa = XCConfigurationList;
			buildConfigurations = (
				F0ADCE7122C8DDD8000FAE22 /* Debug */,
				F0ADCE7222C8DDD8000FAE22 /* Release */,
			);
			defaultConfigurationIsVisible = 0;
			defaultConfigurationName = Release;
		};
/* End XCConfigurationList section */
	};
	rootObject = F0ADCE3A22C8DDD3000FAE22 /* Project object */;
}
